PODS:
  - Alamofire (1.2.3)
  - JASidePanels (1.3.2)
  - MagicalRecord (2.3.0)
  - MYBlurIntroductionView (1.0.3)
  - SVProgressHUD (1.1.3)
  - SVPullToRefresh (0.4.1)
  - SwiftyJSON (2.2.0)

DEPENDENCIES:
  - Alamofire (~> 1.2)
  - JASidePanels
  - MagicalRecord
  - MYBlurIntroductionView
  - SVProgressHUD
  - SVPullToRefresh (~> 0.4.1)
  - SwiftyJSON (~> 2.2.0)

SPEC CHECKSUMS:
  Alamofire: 5550bf0b575ed1a4bf9be572f9463e1015cc169e
  JASidePanels: c8f5b130e18d51ee3de988d1c1fad2f88e0b0d21
  MagicalRecord: 89eb7d7ead39fb37f01c3d010665ee94d17f8dba
  MYBlurIntroductionView: b12651c25574580472ff34989a4c5b81c157009f
  SVProgressHUD: 748080e4f36e603f6c02aec292664239df5279c1
  SVPullToRefresh: ba2e718695a43253d8bea6852d2960097dc15d8c
  SwiftyJSON: 0b3e6c07af17ff745e77e8e9984097b55c956e5c

COCOAPODS: 0.37.1
